
Microsoft Visual Studio Solution File, Format Version 12.00
# Visual Studio Version 17
VisualStudioVersion = 17.3.32922.545
MinimumVisualStudioVersion = 10.0.40219.1
Project("{FAE04EC0-301F-11D3-BF4B-00C04F79EFBC}") = "ClientePantalla", "ClientePantalla\ClientePantalla.csproj", "{64BAB7F8-4D0A-4BE3-B29D-159CF86D853B}"
EndProject
Global
	GlobalSection(SolutionConfigurationPlatforms) = preSolution
		Debug|Any CPU = Debug|Any CPU
		Release|Any CPU = Release|Any CPU
	EndGlobalSection
	GlobalSection(ProjectConfigurationPlatforms) = postSolution
		{64BAB7F8-4D0A-4BE3-B29D-159CF86D853B}.Debug|Any CPU.ActiveCfg = Debug|Any CPU
		{64BAB7F8-4D0A-4BE3-B29D-159CF86D853B}.Debug|Any CPU.Build.0 = Debug|Any CPU
		{64BAB7F8-4D0A-4BE3-B29D-159CF86D853B}.Release|Any CPU.ActiveCfg = Release|Any CPU
		{64BAB7F8-4D0A-4BE3-B29D-159CF86D853B}.Release|Any CPU.Build.0 = Release|Any CPU
	EndGlobalSection
	GlobalSection(SolutionProperties) = preSolution
		HideSolutionNode = FALSE
	EndGlobalSection
	GlobalSection(ExtensibilityGlobals) = postSolution
		SolutionGuid = {FE77ACD7-CADB-400E-810E-3E80F1858B41}
	EndGlobalSection
EndGlobal
